
Microsoft Visual Studio Solution File, Format Version 12.00
# Visual Studio 15
Project("{FAE04EC0-301F-11D3-BF4B-00C04F79EFBC}") = "todo-list", "todo-list\todo-list.csproj", "{CBA720B2-1070-4E36-8ACD-9D86F8634473}"
EndProject
Project("{FAE04EC0-301F-11D3-BF4B-00C04F79EFBC}") = "todo-list.Tests", "todo-list.Tests\todo-list.Tests.csproj", "{3B1854D1-DDB9-46F2-90D4-B5CD640A5AEA}"
EndProject
Global
	GlobalSection(SolutionConfigurationPlatforms) = preSolution
		Debug|Any CPU = Debug|Any CPU
		Release|Any CPU = Release|Any CPU
	EndGlobalSection
	GlobalSection(ProjectConfigurationPlatforms) = postSolution
		{CBA720B2-1070-4E36-8ACD-9D86F8634473}.Debug|Any CPU.ActiveCfg = Debug|Any CPU
		{CBA720B2-1070-4E36-8ACD-9D86F8634473}.Debug|Any CPU.Build.0 = Debug|Any CPU
		{CBA720B2-1070-4E36-8ACD-9D86F8634473}.Release|Any CPU.ActiveCfg = Release|Any CPU
		{CBA720B2-1070-4E36-8ACD-9D86F8634473}.Release|Any CPU.Build.0 = Release|Any CPU
		{3B1854D1-DDB9-46F2-90D4-B5CD640A5AEA}.Debug|Any CPU.ActiveCfg = Debug|Any CPU
		{3B1854D1-DDB9-46F2-90D4-B5CD640A5AEA}.Debug|Any CPU.Build.0 = Debug|Any CPU
		{3B1854D1-DDB9-46F2-90D4-B5CD640A5AEA}.Release|Any CPU.ActiveCfg = Release|Any CPU
		{3B1854D1-DDB9-46F2-90D4-B5CD640A5AEA}.Release|Any CPU.Build.0 = Release|Any CPU
	EndGlobalSection
EndGlobal
